Microsoft Visual Studio Solution File, Format Version 12.00
# Visual Studio Version 17
VisualStudioVersion = 17.8.34330.188
MinimumVisualStudioVersion = 10.0.40219.1
Project("{FAE04EC0-301F-11D3-BF4B-00C04F79EFBC}") = "Platform.Contracts", "src/Platform.Contracts/Platform.Contracts.csproj", "{E9C7FAB7-A2CE-4451-83B7-4F1FD2205384}"
EndProject
Project("{FAE04EC0-301F-11D3-BF4B-00C04F79EFBC}") = "Platform.Core", "src/Platform.Core/Platform.Core.csproj", "{F5AADFEB-EDAA-498E-A831-E818BB551192}"
EndProject
Project("{FAE04EC0-301F-11D3-BF4B-00C04F79EFBC}") = "Platform.Libraries", "src/Platform.Libraries/Platform.Libraries.csproj", "{DFE2750E-4CA1-4EE7-97BA-FB9217F23A8E}"
EndProject
Project("{FAE04EC0-301F-11D3-BF4B-00C04F79EFBC}") = "Platform.Instruments", "src/Platform.Instruments/Platform.Instruments.csproj", "{EE455CD3-098C-438D-8199-2BA4C5BDE180}"
EndProject
Project("{FAE04EC0-301F-11D3-BF4B-00C04F79EFBC}") = "Platform.InstrumentManager", "src/Platform.InstrumentManager/Platform.InstrumentManager.csproj", "{7103ACD1-6A33-4598-8851-BBDFD71DD150}"
EndProject
Project("{FAE04EC0-301F-11D3-BF4B-00C04F79EFBC}") = "Platform.TestSteps", "src/Platform.TestSteps/Platform.TestSteps.csproj", "{151865A8-C40F-4162-B165-931C563032A8}"
EndProject
Project("{FAE04EC0-301F-11D3-BF4B-00C04F79EFBC}") = "Platform.Automation", "src/Platform.Automation/Platform.Automation.csproj", "{F13FAEBE-39C9-4D54-BBE8-49813D1DD3B9}"
EndProject
Project("{FAE04EC0-301F-11D3-BF4B-00C04F79EFBC}") = "Platform.Tester", "src/Platform.Tester/Platform.Tester.csproj", "{43F1134E-01B4-4AB2-829A-F569C9D9DD05}"
EndProject
Project("{FAE04EC0-301F-11D3-BF4B-00C04F79EFBC}") = "Platform.Supervisor.Console", "src/Platform.Supervisor.Console/Platform.Supervisor.Console.csproj", "{D56C2652-A1AD-40A3-AAC1-1761C95C3395}"
EndProject
Project("{FAE04EC0-301F-11D3-BF4B-00C04F79EFBC}") = "Platform.Supervisor.Wpf", "src/Platform.Supervisor.Wpf/Platform.Supervisor.Wpf.csproj", "{E1ECF4CD-033F-49AD-A69F-FCDB7BDBF666}"
EndProject
Project("{FAE04EC0-301F-11D3-BF4B-00C04F79EFBC}") = "Platform.Tests", "tests/Platform.Tests/Platform.Tests.csproj", "{FAE9063D-8385-404C-8F03-2C655B6DFBFD}"
EndProject
Global
	GlobalSection(SolutionConfigurationPlatforms) = preSolution
		Debug|Any CPU = Debug|Any CPU
		Release|Any CPU = Release|Any CPU
	EndGlobalSection
	GlobalSection(ProjectConfigurationPlatforms) = postSolution
		{E9C7FAB7-A2CE-4451-83B7-4F1FD2205384}.Debug|Any CPU.ActiveCfg = Debug|Any CPU
		{E9C7FAB7-A2CE-4451-83B7-4F1FD2205384}.Debug|Any CPU.Build.0 = Debug|Any CPU
		{E9C7FAB7-A2CE-4451-83B7-4F1FD2205384}.Release|Any CPU.ActiveCfg = Release|Any CPU
		{E9C7FAB7-A2CE-4451-83B7-4F1FD2205384}.Release|Any CPU.Build.0 = Release|Any CPU
		{F5AADFEB-EDAA-498E-A831-E818BB551192}.Debug|Any CPU.ActiveCfg = Debug|Any CPU
		{F5AADFEB-EDAA-498E-A831-E818BB551192}.Debug|Any CPU.Build.0 = Debug|Any CPU
		{F5AADFEB-EDAA-498E-A831-E818BB551192}.Release|Any CPU.ActiveCfg = Release|Any CPU
		{F5AADFEB-EDAA-498E-A831-E818BB551192}.Release|Any CPU.Build.0 = Release|Any CPU
		{DFE2750E-4CA1-4EE7-97BA-FB9217F23A8E}.Debug|Any CPU.ActiveCfg = Debug|Any CPU
		{DFE2750E-4CA1-4EE7-97BA-FB9217F23A8E}.Debug|Any CPU.Build.0 = Debug|Any CPU
		{DFE2750E-4CA1-4EE7-97BA-FB9217F23A8E}.Release|Any CPU.ActiveCfg = Release|Any CPU
		{DFE2750E-4CA1-4EE7-97BA-FB9217F23A8E}.Release|Any CPU.Build.0 = Release|Any CPU
		{EE455CD3-098C-438D-8199-2BA4C5BDE180}.Debug|Any CPU.ActiveCfg = Debug|Any CPU
		{EE455CD3-098C-438D-8199-2BA4C5BDE180}.Debug|Any CPU.Build.0 = Debug|Any CPU
		{EE455CD3-098C-438D-8199-2BA4C5BDE180}.Release|Any CPU.ActiveCfg = Release|Any CPU
		{EE455CD3-098C-438D-8199-2BA4C5BDE180}.Release|Any CPU.Build.0 = Release|Any CPU
		{7103ACD1-6A33-4598-8851-BBDFD71DD150}.Debug|Any CPU.ActiveCfg = Debug|Any CPU
		{7103ACD1-6A33-4598-8851-BBDFD71DD150}.Debug|Any CPU.Build.0 = Debug|Any CPU
		{7103ACD1-6A33-4598-8851-BBDFD71DD150}.Release|Any CPU.ActiveCfg = Release|Any CPU
		{7103ACD1-6A33-4598-8851-BBDFD71DD150}.Release|Any CPU.Build.0 = Release|Any CPU
		{151865A8-C40F-4162-B165-931C563032A8}.Debug|Any CPU.ActiveCfg = Debug|Any CPU
		{151865A8-C40F-4162-B165-931C563032A8}.Debug|Any CPU.Build.0 = Debug|Any CPU
		{151865A8-C40F-4162-B165-931C563032A8}.Release|Any CPU.ActiveCfg = Release|Any CPU
		{151865A8-C40F-4162-B165-931C563032A8}.Release|Any CPU.Build.0 = Release|Any CPU
		{F13FAEBE-39C9-4D54-BBE8-49813D1DD3B9}.Debug|Any CPU.ActiveCfg = Debug|Any CPU
		{F13FAEBE-39C9-4D54-BBE8-49813D1DD3B9}.Debug|Any CPU.Build.0 = Debug|Any CPU
		{F13FAEBE-39C9-4D54-BBE8-49813D1DD3B9}.Release|Any CPU.ActiveCfg = Release|Any CPU
		{F13FAEBE-39C9-4D54-BBE8-49813D1DD3B9}.Release|Any CPU.Build.0 = Release|Any CPU
		{43F1134E-01B4-4AB2-829A-F569C9D9DD05}.Debug|Any CPU.ActiveCfg = Debug|Any CPU
		{43F1134E-01B4-4AB2-829A-F569C9D9DD05}.Debug|Any CPU.Build.0 = Debug|Any CPU
		{43F1134E-01B4-4AB2-829A-F569C9D9DD05}.Release|Any CPU.ActiveCfg = Release|Any CPU
		{43F1134E-01B4-4AB2-829A-F569C9D9DD05}.Release|Any CPU.Build.0 = Release|Any CPU
		{D56C2652-A1AD-40A3-AAC1-1761C95C3395}.Debug|Any CPU.ActiveCfg = Debug|Any CPU
		{D56C2652-A1AD-40A3-AAC1-1761C95C3395}.Debug|Any CPU.Build.0 = Debug|Any CPU
		{D56C2652-A1AD-40A3-AAC1-1761C95C3395}.Release|Any CPU.ActiveCfg = Release|Any CPU
		{D56C2652-A1AD-40A3-AAC1-1761C95C3395}.Release|Any CPU.Build.0 = Release|Any CPU
		{E1ECF4CD-033F-49AD-A69F-FCDB7BDBF666}.Debug|Any CPU.ActiveCfg = Debug|Any CPU
		{E1ECF4CD-033F-49AD-A69F-FCDB7BDBF666}.Debug|Any CPU.Build.0 = Debug|Any CPU
		{E1ECF4CD-033F-49AD-A69F-FCDB7BDBF666}.Release|Any CPU.ActiveCfg = Release|Any CPU
		{E1ECF4CD-033F-49AD-A69F-FCDB7BDBF666}.Release|Any CPU.Build.0 = Release|Any CPU
		{FAE9063D-8385-404C-8F03-2C655B6DFBFD}.Debug|Any CPU.ActiveCfg = Debug|Any CPU
		{FAE9063D-8385-404C-8F03-2C655B6DFBFD}.Debug|Any CPU.Build.0 = Debug|Any CPU
		{FAE9063D-8385-404C-8F03-2C655B6DFBFD}.Release|Any CPU.ActiveCfg = Release|Any CPU
		{FAE9063D-8385-404C-8F03-2C655B6DFBFD}.Release|Any CPU.Build.0 = Release|Any CPU
	EndGlobalSection
EndGlobal
